
Microsoft Visual Studio Solution File, Format Version 12.00
# Visual Studio Version 17
VisualStudioVersion = 17.4.33205.214
MinimumVisualStudioVersion = 10.0.40219.1
Project("{9A19103F-16F7-4668-BE54-9A1E7A4F7556}") = "BlazeJump.Common", "BlazeJump.Common\BlazeJump.Common.csproj", "{D34249B3-E652-4600-9CFA-6C90099A9610}"
EndProject
Project("{9A19103F-16F7-4668-BE54-9A1E7A4F7556}") = "BlazeJump.Web", "BlazeJump.Web\BlazeJump.Web.csproj", "{30DEA447-1A0F-4E13-B840-83B7D56944E2}"
EndProject
Project("{9A19103F-16F7-4668-BE54-9A1E7A4F7556}") = "BlazeJump.Native", "BlazeJump.Native\BlazeJump.Native.csproj", "{E1A9F7A6-82B6-492B-9063-81112E9B6592}"
EndProject
Project("{FAE04EC0-301F-11D3-BF4B-00C04F79EFBC}") = "BlazeJump.Native.TestRunner", "BlazeJump.Native.TestRunner\BlazeJump.Native.TestRunner.csproj", "{6F76B42E-55C4-4A28-AD7C-D015AC0CD8F5}"
EndProject
Global
	GlobalSection(SolutionConfigurationPlatforms) = preSolution
		Debug|Any CPU = Debug|Any CPU
		Release|Any CPU = Release|Any CPU
	EndGlobalSection
	GlobalSection(ProjectConfigurationPlatforms) = postSolution
		{D34249B3-E652-4600-9CFA-6C90099A9610}.Debug|Any CPU.ActiveCfg = Debug|Any CPU
		{D34249B3-E652-4600-9CFA-6C90099A9610}.Debug|Any CPU.Build.0 = Debug|Any CPU
		{D34249B3-E652-4600-9CFA-6C90099A9610}.Release|Any CPU.ActiveCfg = Release|Any CPU
		{D34249B3-E652-4600-9CFA-6C90099A9610}.Release|Any CPU.Build.0 = Release|Any CPU
		{30DEA447-1A0F-4E13-B840-83B7D56944E2}.Debug|Any CPU.ActiveCfg = Debug|Any CPU
		{30DEA447-1A0F-4E13-B840-83B7D56944E2}.Debug|Any CPU.Build.0 = Debug|Any CPU
		{30DEA447-1A0F-4E13-B840-83B7D56944E2}.Release|Any CPU.ActiveCfg = Release|Any CPU
		{30DEA447-1A0F-4E13-B840-83B7D56944E2}.Release|Any CPU.Build.0 = Release|Any CPU
		{E1A9F7A6-82B6-492B-9063-81112E9B6592}.Debug|Any CPU.ActiveCfg = Debug|Any CPU
		{E1A9F7A6-82B6-492B-9063-81112E9B6592}.Debug|Any CPU.Build.0 = Debug|Any CPU
		{E1A9F7A6-82B6-492B-9063-81112E9B6592}.Debug|Any CPU.Deploy.0 = Debug|Any CPU
		{E1A9F7A6-82B6-492B-9063-81112E9B6592}.Release|Any CPU.ActiveCfg = Release|Any CPU
		{E1A9F7A6-82B6-492B-9063-81112E9B6592}.Release|Any CPU.Build.0 = Release|Any CPU
		{E1A9F7A6-82B6-492B-9063-81112E9B6592}.Release|Any CPU.Deploy.0 = Release|Any CPU
		{6F76B42E-55C4-4A28-AD7C-D015AC0CD8F5}.Debug|Any CPU.ActiveCfg = Debug|Any CPU
		{6F76B42E-55C4-4A28-AD7C-D015AC0CD8F5}.Debug|Any CPU.Build.0 = Debug|Any CPU
		{6F76B42E-55C4-4A28-AD7C-D015AC0CD8F5}.Debug|Any CPU.Deploy.0 = Debug|Any CPU
		{6F76B42E-55C4-4A28-AD7C-D015AC0CD8F5}.Release|Any CPU.ActiveCfg = Release|Any CPU
		{6F76B42E-55C4-4A28-AD7C-D015AC0CD8F5}.Release|Any CPU.Build.0 = Release|Any CPU
		{6F76B42E-55C4-4A28-AD7C-D015AC0CD8F5}.Release|Any CPU.Deploy.0 = Release|Any CPU
	EndGlobalSection
	GlobalSection(SolutionProperties) = preSolution
		HideSolutionNode = FALSE
	EndGlobalSection
	GlobalSection(ExtensibilityGlobals) = postSolution
		SolutionGuid = {87FE8445-4FDC-4766-89EC-8E2884E7317E}
	EndGlobalSection
EndGlobal
